
Microsoft Visual Studio Solution File, Format Version 12.00
# Visual Studio Version 17
VisualStudioVersion = 17.0.31912.275
MinimumVisualStudioVersion = 16.0.0.0
Project("{2150E333-8FDC-42A3-9474-1A3956D46DE8}") = "src", "src", "{DB323946-B3C3-4145-853E-A21DBA0A4E0D}"
EndProject
Project("{2150E333-8FDC-42A3-9474-1A3956D46DE8}") = "tests", "tests", "{042CB1B5-0645-469D-8FFC-71B8A7C7CFD9}"
EndProject
Project("{9A19103F-16F7-4668-BE54-9A1E7A4F7556}") = "PeterPedia.Tests", "tests\PeterPedia.Tests\PeterPedia.Tests.csproj", "{7C13116E-3089-4F05-945E-5119BEE61411}"
EndProject
Project("{2150E333-8FDC-42A3-9474-1A3956D46DE8}") = "Solution Items", "Solution Items", "{A195E40F-3484-462E-BCE6-2969A5636698}"
	ProjectSection(SolutionItems) = preProject
		.dockerignore = .dockerignore
		.editorconfig = .editorconfig
		.gitignore = .gitignore
		dockerfile = dockerfile
		LICENSE = LICENSE
		README.md = README.md
		SECURITY.md = SECURITY.md
	EndProjectSection
EndProject
Project("{9A19103F-16F7-4668-BE54-9A1E7A4F7556}") = "PeterPedia.Data", "src\PeterPedia.Data\PeterPedia.Data.csproj", "{511D27FD-33D4-4705-8B47-B53DC88D2E8E}"
EndProject
Project("{9A19103F-16F7-4668-BE54-9A1E7A4F7556}") = "Movies.App", "src\Movies\Movies.App\Movies.App.csproj", "{875EA63F-73ED-44D1-82B8-EE9693118FEB}"
EndProject
Project("{2150E333-8FDC-42A3-9474-1A3956D46DE8}") = "Movies", "Movies", "{52E83B5F-D409-410E-A00A-7909A1F22877}"
EndProject
Project("{9A19103F-16F7-4668-BE54-9A1E7A4F7556}") = "Movies.Api", "src\Movies\Movies.Api\Movies.Api.csproj", "{75E78DCD-52C0-4E2B-8FF0-55FC16D9AF8B}"
EndProject
Project("{9A19103F-16F7-4668-BE54-9A1E7A4F7556}") = "TheMovieDatabase", "src\TheMovieDatabase\TheMovieDatabase.csproj", "{4AFD33B9-59C1-4E66-82E5-2FD065D362E0}"
EndProject
Project("{9A19103F-16F7-4668-BE54-9A1E7A4F7556}") = "Movies.Shared", "src\Movies\Movies.Shared\Movies.Shared.csproj", "{9000F331-CDDB-4CC0-B7D2-08BF4FDDC0FF}"
EndProject
Project("{9A19103F-16F7-4668-BE54-9A1E7A4F7556}") = "Blazor.Shared", "src\Blazor.Shared\Blazor.Shared.csproj", "{F0DEEED9-24D4-41C6-A52F-3BA95BBE3A15}"
EndProject
Project("{9A19103F-16F7-4668-BE54-9A1E7A4F7556}") = "PeterPedia.Components", "src\PeterPedia.Components\PeterPedia.Components.csproj", "{CA20434A-EFD6-468B-8CFB-63D1BC5B7621}"
EndProject
Project("{2150E333-8FDC-42A3-9474-1A3956D46DE8}") = "Library", "Library", "{FFC6D71F-313D-477C-AEC5-2957AF57E905}"
EndProject
Project("{9A19103F-16F7-4668-BE54-9A1E7A4F7556}") = "Library.App", "src\Library\Library.App\Library.App.csproj", "{D8D5C9F5-65CB-463E-9210-8837F97E3ECF}"
EndProject
Project("{9A19103F-16F7-4668-BE54-9A1E7A4F7556}") = "Library.Api", "src\Library\Library.Api\Library.Api.csproj", "{C58E51FA-B38C-4909-9A07-29AB6FD4DF81}"
EndProject
Project("{9A19103F-16F7-4668-BE54-9A1E7A4F7556}") = "Library.Shared", "src\Library\Library.Shared\Library.Shared.csproj", "{018D97B4-3E98-4B13-842B-393605ED2542}"
EndProject
Project("{2150E333-8FDC-42A3-9474-1A3956D46DE8}") = "Episodes", "Episodes", "{3B63049E-1FEB-45B6-BCC3-A51F302A8D01}"
EndProject
Project("{9A19103F-16F7-4668-BE54-9A1E7A4F7556}") = "Episodes.Api", "src\Episodes\Episodes.Api\Episodes.Api.csproj", "{C297D2A9-3203-4DC8-AA91-25D8DEC240B4}"
EndProject
Project("{9A19103F-16F7-4668-BE54-9A1E7A4F7556}") = "PeterPedia.Functions", "src\PeterPedia.Functions\PeterPedia.Functions.csproj", "{4EA49B2F-1B21-43D6-ABEB-2D1A4546887C}"
EndProject
Project("{9A19103F-16F7-4668-BE54-9A1E7A4F7556}") = "Episodes.Shared", "src\Episodes\Episodes.Shared\Episodes.Shared.csproj", "{B07F1E00-A722-429D-8041-6216C93D2555}"
EndProject
Project("{9A19103F-16F7-4668-BE54-9A1E7A4F7556}") = "PeterPedia.Shared", "src\PeterPedia.Shared\PeterPedia.Shared.csproj", "{02D248F5-4A29-458A-BD15-7E3D2E92F026}"
EndProject
Project("{9A19103F-16F7-4668-BE54-9A1E7A4F7556}") = "Episodes.App", "src\Episodes\Episodes.App\Episodes.App.csproj", "{FE2A576F-053F-47DC-8446-D0A5BD93148A}"
EndProject
Project("{2150E333-8FDC-42A3-9474-1A3956D46DE8}") = "Reader", "Reader", "{EC3FDB53-FC49-4990-B74D-90EE2F258562}"
EndProject
Project("{FAE04EC0-301F-11D3-BF4B-00C04F79EFBC}") = "Reader.Api", "src\Reader\Reader.Api\Reader.Api.csproj", "{B5BFC2D9-B2FA-4281-9D40-887779D12417}"
EndProject
Project("{FAE04EC0-301F-11D3-BF4B-00C04F79EFBC}") = "Reader.App", "src\Reader\Reader.App\Reader.App.csproj", "{31C65153-5E2B-453F-8FA5-4046AB33A5BB}"
EndProject
Project("{FAE04EC0-301F-11D3-BF4B-00C04F79EFBC}") = "Reader.Shared", "src\Reader\Reader.Shared\Reader.Shared.csproj", "{FCB81476-C535-4F42-AEC9-6A9B013212EE}"
EndProject
Global
	GlobalSection(SolutionConfigurationPlatforms) = preSolution
		Debug|Any CPU = Debug|Any CPU
		Debug|x64 = Debug|x64
		Debug|x86 = Debug|x86
		Release|Any CPU = Release|Any CPU
		Release|x64 = Release|x64
		Release|x86 = Release|x86
	EndGlobalSection
	GlobalSection(ProjectConfigurationPlatforms) = postSolution
		{7C13116E-3089-4F05-945E-5119BEE61411}.Debug|Any CPU.ActiveCfg = Debug|Any CPU
		{7C13116E-3089-4F05-945E-5119BEE61411}.Debug|Any CPU.Build.0 = Debug|Any CPU
		{7C13116E-3089-4F05-945E-5119BEE61411}.Debug|x64.ActiveCfg = Debug|Any CPU
		{7C13116E-3089-4F05-945E-5119BEE61411}.Debug|x64.Build.0 = Debug|Any CPU
		{7C13116E-3089-4F05-945E-5119BEE61411}.Debug|x86.ActiveCfg = Debug|Any CPU
		{7C13116E-3089-4F05-945E-5119BEE61411}.Debug|x86.Build.0 = Debug|Any CPU
		{7C13116E-3089-4F05-945E-5119BEE61411}.Release|Any CPU.ActiveCfg = Release|Any CPU
		{7C13116E-3089-4F05-945E-5119BEE61411}.Release|Any CPU.Build.0 = Release|Any CPU
		{7C13116E-3089-4F05-945E-5119BEE61411}.Release|x64.ActiveCfg = Release|Any CPU
		{7C13116E-3089-4F05-945E-5119BEE61411}.Release|x64.Build.0 = Release|Any CPU
		{7C13116E-3089-4F05-945E-5119BEE61411}.Release|x86.ActiveCfg = Release|Any CPU
		{7C13116E-3089-4F05-945E-5119BEE61411}.Release|x86.Build.0 = Release|Any CPU
		{511D27FD-33D4-4705-8B47-B53DC88D2E8E}.Debug|Any CPU.ActiveCfg = Debug|Any CPU
		{511D27FD-33D4-4705-8B47-B53DC88D2E8E}.Debug|Any CPU.Build.0 = Debug|Any CPU
		{511D27FD-33D4-4705-8B47-B53DC88D2E8E}.Debug|x64.ActiveCfg = Debug|Any CPU
		{511D27FD-33D4-4705-8B47-B53DC88D2E8E}.Debug|x64.Build.0 = Debug|Any CPU
		{511D27FD-33D4-4705-8B47-B53DC88D2E8E}.Debug|x86.ActiveCfg = Debug|Any CPU
		{511D27FD-33D4-4705-8B47-B53DC88D2E8E}.Debug|x86.Build.0 = Debug|Any CPU
		{511D27FD-33D4-4705-8B47-B53DC88D2E8E}.Release|Any CPU.ActiveCfg = Release|Any CPU
		{511D27FD-33D4-4705-8B47-B53DC88D2E8E}.Release|Any CPU.Build.0 = Release|Any CPU
		{511D27FD-33D4-4705-8B47-B53DC88D2E8E}.Release|x64.ActiveCfg = Release|Any CPU
		{511D27FD-33D4-4705-8B47-B53DC88D2E8E}.Release|x64.Build.0 = Release|Any CPU
		{511D27FD-33D4-4705-8B47-B53DC88D2E8E}.Release|x86.ActiveCfg = Release|Any CPU
		{511D27FD-33D4-4705-8B47-B53DC88D2E8E}.Release|x86.Build.0 = Release|Any CPU
		{875EA63F-73ED-44D1-82B8-EE9693118FEB}.Debug|Any CPU.ActiveCfg = Debug|Any CPU
		{875EA63F-73ED-44D1-82B8-EE9693118FEB}.Debug|Any CPU.Build.0 = Debug|Any CPU
		{875EA63F-73ED-44D1-82B8-EE9693118FEB}.Debug|x64.ActiveCfg = Debug|Any CPU
		{875EA63F-73ED-44D1-82B8-EE9693118FEB}.Debug|x64.Build.0 = Debug|Any CPU
		{875EA63F-73ED-44D1-82B8-EE9693118FEB}.Debug|x86.ActiveCfg = Debug|Any CPU
		{875EA63F-73ED-44D1-82B8-EE9693118FEB}.Debug|x86.Build.0 = Debug|Any CPU
		{875EA63F-73ED-44D1-82B8-EE9693118FEB}.Release|Any CPU.ActiveCfg = Release|Any CPU
		{875EA63F-73ED-44D1-82B8-EE9693118FEB}.Release|Any CPU.Build.0 = Release|Any CPU
		{875EA63F-73ED-44D1-82B8-EE9693118FEB}.Release|x64.ActiveCfg = Release|Any CPU
		{875EA63F-73ED-44D1-82B8-EE9693118FEB}.Release|x64.Build.0 = Release|Any CPU
		{875EA63F-73ED-44D1-82B8-EE9693118FEB}.Release|x86.ActiveCfg = Release|Any CPU
		{875EA63F-73ED-44D1-82B8-EE9693118FEB}.Release|x86.Build.0 = Release|Any CPU
		{75E78DCD-52C0-4E2B-8FF0-55FC16D9AF8B}.Debug|Any CPU.ActiveCfg = Debug|Any CPU
		{75E78DCD-52C0-4E2B-8FF0-55FC16D9AF8B}.Debug|Any CPU.Build.0 = Debug|Any CPU
		{75E78DCD-52C0-4E2B-8FF0-55FC16D9AF8B}.Debug|x64.ActiveCfg = Debug|Any CPU
		{75E78DCD-52C0-4E2B-8FF0-55FC16D9AF8B}.Debug|x64.Build.0 = Debug|Any CPU
		{75E78DCD-52C0-4E2B-8FF0-55FC16D9AF8B}.Debug|x86.ActiveCfg = Debug|Any CPU
		{75E78DCD-52C0-4E2B-8FF0-55FC16D9AF8B}.Debug|x86.Build.0 = Debug|Any CPU
		{75E78DCD-52C0-4E2B-8FF0-55FC16D9AF8B}.Release|Any CPU.ActiveCfg = Release|Any CPU
		{75E78DCD-52C0-4E2B-8FF0-55FC16D9AF8B}.Release|Any CPU.Build.0 = Release|Any CPU
		{75E78DCD-52C0-4E2B-8FF0-55FC16D9AF8B}.Release|x64.ActiveCfg = Release|Any CPU
		{75E78DCD-52C0-4E2B-8FF0-55FC16D9AF8B}.Release|x64.Build.0 = Release|Any CPU
		{75E78DCD-52C0-4E2B-8FF0-55FC16D9AF8B}.Release|x86.ActiveCfg = Release|Any CPU
		{75E78DCD-52C0-4E2B-8FF0-55FC16D9AF8B}.Release|x86.Build.0 = Release|Any CPU
		{4AFD33B9-59C1-4E66-82E5-2FD065D362E0}.Debug|Any CPU.ActiveCfg = Debug|Any CPU
		{4AFD33B9-59C1-4E66-82E5-2FD065D362E0}.Debug|Any CPU.Build.0 = Debug|Any CPU
		{4AFD33B9-59C1-4E66-82E5-2FD065D362E0}.Debug|x64.ActiveCfg = Debug|Any CPU
		{4AFD33B9-59C1-4E66-82E5-2FD065D362E0}.Debug|x64.Build.0 = Debug|Any CPU
		{4AFD33B9-59C1-4E66-82E5-2FD065D362E0}.Debug|x86.ActiveCfg = Debug|Any CPU
		{4AFD33B9-59C1-4E66-82E5-2FD065D362E0}.Debug|x86.Build.0 = Debug|Any CPU
		{4AFD33B9-59C1-4E66-82E5-2FD065D362E0}.Release|Any CPU.ActiveCfg = Release|Any CPU
		{4AFD33B9-59C1-4E66-82E5-2FD065D362E0}.Release|Any CPU.Build.0 = Release|Any CPU
		{4AFD33B9-59C1-4E66-82E5-2FD065D362E0}.Release|x64.ActiveCfg = Release|Any CPU
		{4AFD33B9-59C1-4E66-82E5-2FD065D362E0}.Release|x64.Build.0 = Release|Any CPU
		{4AFD33B9-59C1-4E66-82E5-2FD065D362E0}.Release|x86.ActiveCfg = Release|Any CPU
		{4AFD33B9-59C1-4E66-82E5-2FD065D362E0}.Release|x86.Build.0 = Release|Any CPU
		{9000F331-CDDB-4CC0-B7D2-08BF4FDDC0FF}.Debug|Any CPU.ActiveCfg = Debug|Any CPU
		{9000F331-CDDB-4CC0-B7D2-08BF4FDDC0FF}.Debug|Any CPU.Build.0 = Debug|Any CPU
		{9000F331-CDDB-4CC0-B7D2-08BF4FDDC0FF}.Debug|x64.ActiveCfg = Debug|Any CPU
		{9000F331-CDDB-4CC0-B7D2-08BF4FDDC0FF}.Debug|x64.Build.0 = Debug|Any CPU
		{9000F331-CDDB-4CC0-B7D2-08BF4FDDC0FF}.Debug|x86.ActiveCfg = Debug|Any CPU
		{9000F331-CDDB-4CC0-B7D2-08BF4FDDC0FF}.Debug|x86.Build.0 = Debug|Any CPU
		{9000F331-CDDB-4CC0-B7D2-08BF4FDDC0FF}.Release|Any CPU.ActiveCfg = Release|Any CPU
		{9000F331-CDDB-4CC0-B7D2-08BF4FDDC0FF}.Release|Any CPU.Build.0 = Release|Any CPU
		{9000F331-CDDB-4CC0-B7D2-08BF4FDDC0FF}.Release|x64.ActiveCfg = Release|Any CPU
		{9000F331-CDDB-4CC0-B7D2-08BF4FDDC0FF}.Release|x64.Build.0 = Release|Any CPU
		{9000F331-CDDB-4CC0-B7D2-08BF4FDDC0FF}.Release|x86.ActiveCfg = Release|Any CPU
		{9000F331-CDDB-4CC0-B7D2-08BF4FDDC0FF}.Release|x86.Build.0 = Release|Any CPU
		{F0DEEED9-24D4-41C6-A52F-3BA95BBE3A15}.Debug|Any CPU.ActiveCfg = Debug|Any CPU
		{F0DEEED9-24D4-41C6-A52F-3BA95BBE3A15}.Debug|Any CPU.Build.0 = Debug|Any CPU
		{F0DEEED9-24D4-41C6-A52F-3BA95BBE3A15}.Debug|x64.ActiveCfg = Debug|Any CPU
		{F0DEEED9-24D4-41C6-A52F-3BA95BBE3A15}.Debug|x64.Build.0 = Debug|Any CPU
		{F0DEEED9-24D4-41C6-A52F-3BA95BBE3A15}.Debug|x86.ActiveCfg = Debug|Any CPU
		{F0DEEED9-24D4-41C6-A52F-3BA95BBE3A15}.Debug|x86.Build.0 = Debug|Any CPU
		{F0DEEED9-24D4-41C6-A52F-3BA95BBE3A15}.Release|Any CPU.ActiveCfg = Release|Any CPU
		{F0DEEED9-24D4-41C6-A52F-3BA95BBE3A15}.Release|Any CPU.Build.0 = Release|Any CPU
		{F0DEEED9-24D4-41C6-A52F-3BA95BBE3A15}.Release|x64.ActiveCfg = Release|Any CPU
		{F0DEEED9-24D4-41C6-A52F-3BA95BBE3A15}.Release|x64.Build.0 = Release|Any CPU
		{F0DEEED9-24D4-41C6-A52F-3BA95BBE3A15}.Release|x86.ActiveCfg = Release|Any CPU
		{F0DEEED9-24D4-41C6-A52F-3BA95BBE3A15}.Release|x86.Build.0 = Release|Any CPU
		{CA20434A-EFD6-468B-8CFB-63D1BC5B7621}.Debug|Any CPU.ActiveCfg = Debug|Any CPU
		{CA20434A-EFD6-468B-8CFB-63D1BC5B7621}.Debug|Any CPU.Build.0 = Debug|Any CPU
		{CA20434A-EFD6-468B-8CFB-63D1BC5B7621}.Debug|x64.ActiveCfg = Debug|Any CPU
		{CA20434A-EFD6-468B-8CFB-63D1BC5B7621}.Debug|x64.Build.0 = Debug|Any CPU
		{CA20434A-EFD6-468B-8CFB-63D1BC5B7621}.Debug|x86.ActiveCfg = Debug|Any CPU
		{CA20434A-EFD6-468B-8CFB-63D1BC5B7621}.Debug|x86.Build.0 = Debug|Any CPU
		{CA20434A-EFD6-468B-8CFB-63D1BC5B7621}.Release|Any CPU.ActiveCfg = Release|Any CPU
		{CA20434A-EFD6-468B-8CFB-63D1BC5B7621}.Release|Any CPU.Build.0 = Release|Any CPU
		{CA20434A-EFD6-468B-8CFB-63D1BC5B7621}.Release|x64.ActiveCfg = Release|Any CPU
		{CA20434A-EFD6-468B-8CFB-63D1BC5B7621}.Release|x64.Build.0 = Release|Any CPU
		{CA20434A-EFD6-468B-8CFB-63D1BC5B7621}.Release|x86.ActiveCfg = Release|Any CPU
		{CA20434A-EFD6-468B-8CFB-63D1BC5B7621}.Release|x86.Build.0 = Release|Any CPU
		{D8D5C9F5-65CB-463E-9210-8837F97E3ECF}.Debug|Any CPU.ActiveCfg = Debug|Any CPU
		{D8D5C9F5-65CB-463E-9210-8837F97E3ECF}.Debug|Any CPU.Build.0 = Debug|Any CPU
		{D8D5C9F5-65CB-463E-9210-8837F97E3ECF}.Debug|x64.ActiveCfg = Debug|Any CPU
		{D8D5C9F5-65CB-463E-9210-8837F97E3ECF}.Debug|x64.Build.0 = Debug|Any CPU
		{D8D5C9F5-65CB-463E-9210-8837F97E3ECF}.Debug|x86.ActiveCfg = Debug|Any CPU
		{D8D5C9F5-65CB-463E-9210-8837F97E3ECF}.Debug|x86.Build.0 = Debug|Any CPU
		{D8D5C9F5-65CB-463E-9210-8837F97E3ECF}.Release|Any CPU.ActiveCfg = Release|Any CPU
		{D8D5C9F5-65CB-463E-9210-8837F97E3ECF}.Release|Any CPU.Build.0 = Release|Any CPU
		{D8D5C9F5-65CB-463E-9210-8837F97E3ECF}.Release|x64.ActiveCfg = Release|Any CPU
		{D8D5C9F5-65CB-463E-9210-8837F97E3ECF}.Release|x64.Build.0 = Release|Any CPU
		{D8D5C9F5-65CB-463E-9210-8837F97E3ECF}.Release|x86.ActiveCfg = Release|Any CPU
		{D8D5C9F5-65CB-463E-9210-8837F97E3ECF}.Release|x86.Build.0 = Release|Any CPU
		{C58E51FA-B38C-4909-9A07-29AB6FD4DF81}.Debug|Any CPU.ActiveCfg = Debug|Any CPU
		{C58E51FA-B38C-4909-9A07-29AB6FD4DF81}.Debug|Any CPU.Build.0 = Debug|Any CPU
		{C58E51FA-B38C-4909-9A07-29AB6FD4DF81}.Debug|x64.ActiveCfg = Debug|Any CPU
		{C58E51FA-B38C-4909-9A07-29AB6FD4DF81}.Debug|x64.Build.0 = Debug|Any CPU
		{C58E51FA-B38C-4909-9A07-29AB6FD4DF81}.Debug|x86.ActiveCfg = Debug|Any CPU
		{C58E51FA-B38C-4909-9A07-29AB6FD4DF81}.Debug|x86.Build.0 = Debug|Any CPU
		{C58E51FA-B38C-4909-9A07-29AB6FD4DF81}.Release|Any CPU.ActiveCfg = Release|Any CPU
		{C58E51FA-B38C-4909-9A07-29AB6FD4DF81}.Release|Any CPU.Build.0 = Release|Any CPU
		{C58E51FA-B38C-4909-9A07-29AB6FD4DF81}.Release|x64.ActiveCfg = Release|Any CPU
		{C58E51FA-B38C-4909-9A07-29AB6FD4DF81}.Release|x64.Build.0 = Release|Any CPU
		{C58E51FA-B38C-4909-9A07-29AB6FD4DF81}.Release|x86.ActiveCfg = Release|Any CPU
		{C58E51FA-B38C-4909-9A07-29AB6FD4DF81}.Release|x86.Build.0 = Release|Any CPU
		{018D97B4-3E98-4B13-842B-393605ED2542}.Debug|Any CPU.ActiveCfg = Debug|Any CPU
		{018D97B4-3E98-4B13-842B-393605ED2542}.Debug|Any CPU.Build.0 = Debug|Any CPU
		{018D97B4-3E98-4B13-842B-393605ED2542}.Debug|x64.ActiveCfg = Debug|Any CPU
		{018D97B4-3E98-4B13-842B-393605ED2542}.Debug|x64.Build.0 = Debug|Any CPU
		{018D97B4-3E98-4B13-842B-393605ED2542}.Debug|x86.ActiveCfg = Debug|Any CPU
		{018D97B4-3E98-4B13-842B-393605ED2542}.Debug|x86.Build.0 = Debug|Any CPU
		{018D97B4-3E98-4B13-842B-393605ED2542}.Release|Any CPU.ActiveCfg = Release|Any CPU
		{018D97B4-3E98-4B13-842B-393605ED2542}.Release|Any CPU.Build.0 = Release|Any CPU
		{018D97B4-3E98-4B13-842B-393605ED2542}.Release|x64.ActiveCfg = Release|Any CPU
		{018D97B4-3E98-4B13-842B-393605ED2542}.Release|x64.Build.0 = Release|Any CPU
		{018D97B4-3E98-4B13-842B-393605ED2542}.Release|x86.ActiveCfg = Release|Any CPU
		{018D97B4-3E98-4B13-842B-393605ED2542}.Release|x86.Build.0 = Release|Any CPU
		{C297D2A9-3203-4DC8-AA91-25D8DEC240B4}.Debug|Any CPU.ActiveCfg = Debug|Any CPU
		{C297D2A9-3203-4DC8-AA91-25D8DEC240B4}.Debug|Any CPU.Build.0 = Debug|Any CPU
		{C297D2A9-3203-4DC8-AA91-25D8DEC240B4}.Debug|x64.ActiveCfg = Debug|Any CPU
		{C297D2A9-3203-4DC8-AA91-25D8DEC240B4}.Debug|x64.Build.0 = Debug|Any CPU
		{C297D2A9-3203-4DC8-AA91-25D8DEC240B4}.Debug|x86.ActiveCfg = Debug|Any CPU
		{C297D2A9-3203-4DC8-AA91-25D8DEC240B4}.Debug|x86.Build.0 = Debug|Any CPU
		{C297D2A9-3203-4DC8-AA91-25D8DEC240B4}.Release|Any CPU.ActiveCfg = Release|Any CPU
		{C297D2A9-3203-4DC8-AA91-25D8DEC240B4}.Release|Any CPU.Build.0 = Release|Any CPU
		{C297D2A9-3203-4DC8-AA91-25D8DEC240B4}.Release|x64.ActiveCfg = Release|Any CPU
		{C297D2A9-3203-4DC8-AA91-25D8DEC240B4}.Release|x64.Build.0 = Release|Any CPU
		{C297D2A9-3203-4DC8-AA91-25D8DEC240B4}.Release|x86.ActiveCfg = Release|Any CPU
		{C297D2A9-3203-4DC8-AA91-25D8DEC240B4}.Release|x86.Build.0 = Release|Any CPU
		{4EA49B2F-1B21-43D6-ABEB-2D1A4546887C}.Debug|Any CPU.ActiveCfg = Debug|Any CPU
		{4EA49B2F-1B21-43D6-ABEB-2D1A4546887C}.Debug|Any CPU.Build.0 = Debug|Any CPU
		{4EA49B2F-1B21-43D6-ABEB-2D1A4546887C}.Debug|x64.ActiveCfg = Debug|Any CPU
		{4EA49B2F-1B21-43D6-ABEB-2D1A4546887C}.Debug|x64.Build.0 = Debug|Any CPU
		{4EA49B2F-1B21-43D6-ABEB-2D1A4546887C}.Debug|x86.ActiveCfg = Debug|Any CPU
		{4EA49B2F-1B21-43D6-ABEB-2D1A4546887C}.Debug|x86.Build.0 = Debug|Any CPU
		{4EA49B2F-1B21-43D6-ABEB-2D1A4546887C}.Release|Any CPU.ActiveCfg = Release|Any CPU
		{4EA49B2F-1B21-43D6-ABEB-2D1A4546887C}.Release|Any CPU.Build.0 = Release|Any CPU
		{4EA49B2F-1B21-43D6-ABEB-2D1A4546887C}.Release|x64.ActiveCfg = Release|Any CPU
		{4EA49B2F-1B21-43D6-ABEB-2D1A4546887C}.Release|x64.Build.0 = Release|Any CPU
		{4EA49B2F-1B21-43D6-ABEB-2D1A4546887C}.Release|x86.ActiveCfg = Release|Any CPU
		{4EA49B2F-1B21-43D6-ABEB-2D1A4546887C}.Release|x86.Build.0 = Release|Any CPU
		{B07F1E00-A722-429D-8041-6216C93D2555}.Debug|Any CPU.ActiveCfg = Debug|Any CPU
		{B07F1E00-A722-429D-8041-6216C93D2555}.Debug|Any CPU.Build.0 = Debug|Any CPU
		{B07F1E00-A722-429D-8041-6216C93D2555}.Debug|x64.ActiveCfg = Debug|Any CPU
		{B07F1E00-A722-429D-8041-6216C93D2555}.Debug|x64.Build.0 = Debug|Any CPU
		{B07F1E00-A722-429D-8041-6216C93D2555}.Debug|x86.ActiveCfg = Debug|Any CPU
		{B07F1E00-A722-429D-8041-6216C93D2555}.Debug|x86.Build.0 = Debug|Any CPU
		{B07F1E00-A722-429D-8041-6216C93D2555}.Release|Any CPU.ActiveCfg = Release|Any CPU
		{B07F1E00-A722-429D-8041-6216C93D2555}.Release|Any CPU.Build.0 = Release|Any CPU
		{B07F1E00-A722-429D-8041-6216C93D2555}.Release|x64.ActiveCfg = Release|Any CPU
		{B07F1E00-A722-429D-8041-6216C93D2555}.Release|x64.Build.0 = Release|Any CPU
		{B07F1E00-A722-429D-8041-6216C93D2555}.Release|x86.ActiveCfg = Release|Any CPU
		{B07F1E00-A722-429D-8041-6216C93D2555}.Release|x86.Build.0 = Release|Any CPU
		{02D248F5-4A29-458A-BD15-7E3D2E92F026}.Debug|Any CPU.ActiveCfg = Debug|Any CPU
		{02D248F5-4A29-458A-BD15-7E3D2E92F026}.Debug|Any CPU.Build.0 = Debug|Any CPU
		{02D248F5-4A29-458A-BD15-7E3D2E92F026}.Debug|x64.ActiveCfg = Debug|Any CPU
		{02D248F5-4A29-458A-BD15-7E3D2E92F026}.Debug|x64.Build.0 = Debug|Any CPU
		{02D248F5-4A29-458A-BD15-7E3D2E92F026}.Debug|x86.ActiveCfg = Debug|Any CPU
		{02D248F5-4A29-458A-BD15-7E3D2E92F026}.Debug|x86.Build.0 = Debug|Any CPU
		{02D248F5-4A29-458A-BD15-7E3D2E92F026}.Release|Any CPU.ActiveCfg = Release|Any CPU
		{02D248F5-4A29-458A-BD15-7E3D2E92F026}.Release|Any CPU.Build.0 = Release|Any CPU
		{02D248F5-4A29-458A-BD15-7E3D2E92F026}.Release|x64.ActiveCfg = Release|Any CPU
		{02D248F5-4A29-458A-BD15-7E3D2E92F026}.Release|x64.Build.0 = Release|Any CPU
		{02D248F5-4A29-458A-BD15-7E3D2E92F026}.Release|x86.ActiveCfg = Release|Any CPU
		{02D248F5-4A29-458A-BD15-7E3D2E92F026}.Release|x86.Build.0 = Release|Any CPU
		{FE2A576F-053F-47DC-8446-D0A5BD93148A}.Debug|Any CPU.ActiveCfg = Debug|Any CPU
		{FE2A576F-053F-47DC-8446-D0A5BD93148A}.Debug|Any CPU.Build.0 = Debug|Any CPU
		{FE2A576F-053F-47DC-8446-D0A5BD93148A}.Debug|x64.ActiveCfg = Debug|Any CPU
		{FE2A576F-053F-47DC-8446-D0A5BD93148A}.Debug|x64.Build.0 = Debug|Any CPU
		{FE2A576F-053F-47DC-8446-D0A5BD93148A}.Debug|x86.ActiveCfg = Debug|Any CPU
		{FE2A576F-053F-47DC-8446-D0A5BD93148A}.Debug|x86.Build.0 = Debug|Any CPU
		{FE2A576F-053F-47DC-8446-D0A5BD93148A}.Release|Any CPU.ActiveCfg = Release|Any CPU
		{FE2A576F-053F-47DC-8446-D0A5BD93148A}.Release|Any CPU.Build.0 = Release|Any CPU
		{FE2A576F-053F-47DC-8446-D0A5BD93148A}.Release|x64.ActiveCfg = Release|Any CPU
		{FE2A576F-053F-47DC-8446-D0A5BD93148A}.Release|x64.Build.0 = Release|Any CPU
		{FE2A576F-053F-47DC-8446-D0A5BD93148A}.Release|x86.ActiveCfg = Release|Any CPU
		{FE2A576F-053F-47DC-8446-D0A5BD93148A}.Release|x86.Build.0 = Release|Any CPU
		{B5BFC2D9-B2FA-4281-9D40-887779D12417}.Debug|Any CPU.ActiveCfg = Debug|Any CPU
		{B5BFC2D9-B2FA-4281-9D40-887779D12417}.Debug|Any CPU.Build.0 = Debug|Any CPU
		{B5BFC2D9-B2FA-4281-9D40-887779D12417}.Debug|x64.ActiveCfg = Debug|Any CPU
		{B5BFC2D9-B2FA-4281-9D40-887779D12417}.Debug|x64.Build.0 = Debug|Any CPU
		{B5BFC2D9-B2FA-4281-9D40-887779D12417}.Debug|x86.ActiveCfg = Debug|Any CPU
		{B5BFC2D9-B2FA-4281-9D40-887779D12417}.Debug|x86.Build.0 = Debug|Any CPU
		{B5BFC2D9-B2FA-4281-9D40-887779D12417}.Release|Any CPU.ActiveCfg = Release|Any CPU
		{B5BFC2D9-B2FA-4281-9D40-887779D12417}.Release|Any CPU.Build.0 = Release|Any CPU
		{B5BFC2D9-B2FA-4281-9D40-887779D12417}.Release|x64.ActiveCfg = Release|Any CPU
		{B5BFC2D9-B2FA-4281-9D40-887779D12417}.Release|x64.Build.0 = Release|Any CPU
		{B5BFC2D9-B2FA-4281-9D40-887779D12417}.Release|x86.ActiveCfg = Release|Any CPU
		{B5BFC2D9-B2FA-4281-9D40-887779D12417}.Release|x86.Build.0 = Release|Any CPU
		{31C65153-5E2B-453F-8FA5-4046AB33A5BB}.Debug|Any CPU.ActiveCfg = Debug|Any CPU
		{31C65153-5E2B-453F-8FA5-4046AB33A5BB}.Debug|Any CPU.Build.0 = Debug|Any CPU
		{31C65153-5E2B-453F-8FA5-4046AB33A5BB}.Debug|x64.ActiveCfg = Debug|Any CPU
		{31C65153-5E2B-453F-8FA5-4046AB33A5BB}.Debug|x64.Build.0 = Debug|Any CPU
		{31C65153-5E2B-453F-8FA5-4046AB33A5BB}.Debug|x86.ActiveCfg = Debug|Any CPU
		{31C65153-5E2B-453F-8FA5-4046AB33A5BB}.Debug|x86.Build.0 = Debug|Any CPU
		{31C65153-5E2B-453F-8FA5-4046AB33A5BB}.Release|Any CPU.ActiveCfg = Release|Any CPU
		{31C65153-5E2B-453F-8FA5-4046AB33A5BB}.Release|Any CPU.Build.0 = Release|Any CPU
		{31C65153-5E2B-453F-8FA5-4046AB33A5BB}.Release|x64.ActiveCfg = Release|Any CPU
		{31C65153-5E2B-453F-8FA5-4046AB33A5BB}.Release|x64.Build.0 = Release|Any CPU
		{31C65153-5E2B-453F-8FA5-4046AB33A5BB}.Release|x86.ActiveCfg = Release|Any CPU
		{31C65153-5E2B-453F-8FA5-4046AB33A5BB}.Release|x86.Build.0 = Release|Any CPU
		{FCB81476-C535-4F42-AEC9-6A9B013212EE}.Debug|Any CPU.ActiveCfg = Debug|Any CPU
		{FCB81476-C535-4F42-AEC9-6A9B013212EE}.Debug|Any CPU.Build.0 = Debug|Any CPU
		{FCB81476-C535-4F42-AEC9-6A9B013212EE}.Debug|x64.ActiveCfg = Debug|Any CPU
		{FCB81476-C535-4F42-AEC9-6A9B013212EE}.Debug|x64.Build.0 = Debug|Any CPU
		{FCB81476-C535-4F42-AEC9-6A9B013212EE}.Debug|x86.ActiveCfg = Debug|Any CPU
		{FCB81476-C535-4F42-AEC9-6A9B013212EE}.Debug|x86.Build.0 = Debug|Any CPU
		{FCB81476-C535-4F42-AEC9-6A9B013212EE}.Release|Any CPU.ActiveCfg = Release|Any CPU
		{FCB81476-C535-4F42-AEC9-6A9B013212EE}.Release|Any CPU.Build.0 = Release|Any CPU
		{FCB81476-C535-4F42-AEC9-6A9B013212EE}.Release|x64.ActiveCfg = Release|Any CPU
		{FCB81476-C535-4F42-AEC9-6A9B013212EE}.Release|x64.Build.0 = Release|Any CPU
		{FCB81476-C535-4F42-AEC9-6A9B013212EE}.Release|x86.ActiveCfg = Release|Any CPU
		{FCB81476-C535-4F42-AEC9-6A9B013212EE}.Release|x86.Build.0 = Release|Any CPU
	EndGlobalSection
	GlobalSection(SolutionProperties) = preSolution
		HideSolutionNode = FALSE
	EndGlobalSection
	GlobalSection(NestedProjects) = preSolution
		{7C13116E-3089-4F05-945E-5119BEE61411} = {042CB1B5-0645-469D-8FFC-71B8A7C7CFD9}
		{511D27FD-33D4-4705-8B47-B53DC88D2E8E} = {DB323946-B3C3-4145-853E-A21DBA0A4E0D}
		{875EA63F-73ED-44D1-82B8-EE9693118FEB} = {52E83B5F-D409-410E-A00A-7909A1F22877}
		{52E83B5F-D409-410E-A00A-7909A1F22877} = {DB323946-B3C3-4145-853E-A21DBA0A4E0D}
		{75E78DCD-52C0-4E2B-8FF0-55FC16D9AF8B} = {52E83B5F-D409-410E-A00A-7909A1F22877}
		{4AFD33B9-59C1-4E66-82E5-2FD065D362E0} = {DB323946-B3C3-4145-853E-A21DBA0A4E0D}
		{9000F331-CDDB-4CC0-B7D2-08BF4FDDC0FF} = {52E83B5F-D409-410E-A00A-7909A1F22877}
		{F0DEEED9-24D4-41C6-A52F-3BA95BBE3A15} = {DB323946-B3C3-4145-853E-A21DBA0A4E0D}
		{CA20434A-EFD6-468B-8CFB-63D1BC5B7621} = {DB323946-B3C3-4145-853E-A21DBA0A4E0D}
		{FFC6D71F-313D-477C-AEC5-2957AF57E905} = {DB323946-B3C3-4145-853E-A21DBA0A4E0D}
		{D8D5C9F5-65CB-463E-9210-8837F97E3ECF} = {FFC6D71F-313D-477C-AEC5-2957AF57E905}
		{C58E51FA-B38C-4909-9A07-29AB6FD4DF81} = {FFC6D71F-313D-477C-AEC5-2957AF57E905}
		{018D97B4-3E98-4B13-842B-393605ED2542} = {FFC6D71F-313D-477C-AEC5-2957AF57E905}
		{3B63049E-1FEB-45B6-BCC3-A51F302A8D01} = {DB323946-B3C3-4145-853E-A21DBA0A4E0D}
		{C297D2A9-3203-4DC8-AA91-25D8DEC240B4} = {3B63049E-1FEB-45B6-BCC3-A51F302A8D01}
		{4EA49B2F-1B21-43D6-ABEB-2D1A4546887C} = {DB323946-B3C3-4145-853E-A21DBA0A4E0D}
		{B07F1E00-A722-429D-8041-6216C93D2555} = {3B63049E-1FEB-45B6-BCC3-A51F302A8D01}
		{02D248F5-4A29-458A-BD15-7E3D2E92F026} = {DB323946-B3C3-4145-853E-A21DBA0A4E0D}
		{FE2A576F-053F-47DC-8446-D0A5BD93148A} = {3B63049E-1FEB-45B6-BCC3-A51F302A8D01}
		{EC3FDB53-FC49-4990-B74D-90EE2F258562} = {DB323946-B3C3-4145-853E-A21DBA0A4E0D}
		{B5BFC2D9-B2FA-4281-9D40-887779D12417} = {EC3FDB53-FC49-4990-B74D-90EE2F258562}
		{31C65153-5E2B-453F-8FA5-4046AB33A5BB} = {EC3FDB53-FC49-4990-B74D-90EE2F258562}
		{FCB81476-C535-4F42-AEC9-6A9B013212EE} = {EC3FDB53-FC49-4990-B74D-90EE2F258562}
	EndGlobalSection
	GlobalSection(ExtensibilityGlobals) = postSolution
		SolutionGuid = {EB2A5A0A-3E09-44B6-A9F2-77EA3428DBFF}
	EndGlobalSection
EndGlobal
